// !$*UTF8*$!
{
	archiveVersion = 1;
	classes = {
	};
	objectVersion = 50;
	objects = {

/* Begin PBXBuildFile section */
		4E58D2FB24B4B7C30022526B /* RatingView.swift in Sources */ = {isa = PBXBuildFile; fileRef = 4E58D2FA24B4B7C30022526B /* RatingView.swift */; };
		4E58D2FD24B4C5210022526B /* EmojiRatingView.swift in Sources */ = {isa = PBXBuildFile; fileRef = 4E58D2FC24B4C5210022526B /* EmojiRatingView.swift */; };
		4E58D2FF24B523A80022526B /* DetailView.swift in Sources */ = {isa = PBXBuildFile; fileRef = 4E58D2FE24B523A80022526B /* DetailView.swift */; };
		4E92DF0924B3830100E98C9E /* AppDelegate.swift in Sources */ = {isa = PBXBuildFile; fileRef = 4E92DF0824B3830100E98C9E /* AppDelegate.swift */; };
		4E92DF0B24B3830100E98C9E /* SceneDelegate.swift in Sources */ = {isa = PBXBuildFile; fileRef = 4E92DF0A24B3830100E98C9E /* SceneDelegate.swift */; };
		4E92DF0E24B3830100E98C9E /* Project11___Bookworm___Binding__type_erasure__Core_Data_.xcdatamodeld in Sources */ = {isa = PBXBuildFile; fileRef = 4E92DF0C24B3830100E98C9E /* Project11___Bookworm___Binding__type_erasure__Core_Data_.xcdatamodeld */; };
		4E92DF1024B3830100E98C9E /* ContentView.swift in Sources */ = {isa = PBXBuildFile; fileRef = 4E92DF0F24B3830100E98C9E /* ContentView.swift */; };
		4E92DF1224B3830700E98C9E /* Assets.xcassets in Resources */ = {isa = PBXBuildFile; fileRef = 4E92DF1124B3830700E98C9E /* Assets.xcassets */; };
		4E92DF1524B3830700E98C9E /* Preview Assets.xcassets in Resources */ = {isa = PBXBuildFile; fileRef = 4E92DF1424B3830700E98C9E /* Preview Assets.xcassets */; };
		4E92DF1824B3830700E98C9E /* LaunchScreen.storyboard in Resources */ = {isa = PBXBuildFile; fileRef = 4E92DF1624B3830700E98C9E /* LaunchScreen.storyboard */; };
		4E92DF4824B3A5C000E98C9E /* CCD.swift in Sources */ = {isa = PBXBuildFile; fileRef = 4E92DF4724B3A5BF00E98C9E /* CCD.swift */; };
		4E92DF4C24B46FDD00E98C9E /* AddBookView.swift in Sources */ = {isa = PBXBuildFile; fileRef = 4E92DF4B24B46FDD00E98C9E /* AddBookView.swift */; };
/* End PBXBuildFile section */

/* Begin PBXFileReference section */
		4E58D2FA24B4B7C30022526B /* RatingView.swift */ = {isa = PBXFileReference; lastKnownFileType = sourcecode.swift; path = RatingView.swift; sourceTree = "<group>"; };
		4E58D2FC24B4C5210022526B /* EmojiRatingView.swift */ = {isa = PBXFileReference; lastKnownFileType = sourcecode.swift; path = EmojiRatingView.swift; sourceTree = "<group>"; };
		4E58D2FE24B523A80022526B /* DetailView.swift */ = {isa = PBXFileReference; lastKnownFileType = sourcecode.swift; path = DetailView.swift; sourceTree = "<group>"; };
		4E92DF0524B3830100E98C9E /* Project11 - Bookworm (@Binding, type erasure, Core Data).app */ = {isa = PBXFileReference; explicitFileType = wrapper.application; includeInIndex = 0; path = "Project11 - Bookworm (@Binding, type erasure, Core Data).app"; sourceTree = BUILT_PRODUCTS_DIR; };
		4E92DF0824B3830100E98C9E /* AppDelegate.swift */ = {isa = PBXFileReference; lastKnownFileType = sourcecode.swift; path = AppDelegate.swift; sourceTree = "<group>"; };
		4E92DF0A24B3830100E98C9E /* SceneDelegate.swift */ = {isa = PBXFileReference; lastKnownFileType = sourcecode.swift; path = SceneDelegate.swift; sourceTree = "<group>"; };
		4E92DF0D24B3830100E98C9E /* Project11___Bookworm___Binding__type_erasure__Core_Data_.xcdatamodel */ = {isa = PBXFileReference; lastKnownFileType = wrapper.xcdatamodel; path = "Project11___Bookworm___Binding__type_erasure__Core_Data_.xcdatamodel"; sourceTree = "<group>"; };
		4E92DF0F24B3830100E98C9E /* ContentView.swift */ = {isa = PBXFileReference; lastKnownFileType = sourcecode.swift; path = ContentView.swift; sourceTree = "<group>"; };
		4E92DF1124B3830700E98C9E /* Assets.xcassets */ = {isa = PBXFileReference; lastKnownFileType = folder.assetcatalog; path = Assets.xcassets; sourceTree = "<group>"; };
		4E92DF1424B3830700E98C9E /* Preview Assets.xcassets */ = {isa = PBXFileReference; lastKnownFileType = folder.assetcatalog; path = "Preview Assets.xcassets"; sourceTree = "<group>"; };
		4E92DF1724B3830700E98C9E /* Base */ = {isa = PBXFileReference; lastKnownFileType = file.storyboard; name = Base; path = Base.lproj/LaunchScreen.storyboard; sourceTree = "<group>"; };
		4E92DF1924B3830700E98C9E /* Info.plist */ = {isa = PBXFileReference; lastKnownFileType = text.plist.xml; path = Info.plist; sourceTree = "<group>"; };
		4E92DF4724B3A5BF00E98C9E /* CCD.swift */ = {isa = PBXFileReference; lastKnownFileType = sourcecode.swift; path = CCD.swift; sourceTree = "<group>"; };
		4E92DF4B24B46FDD00E98C9E /* AddBookView.swift */ = {isa = PBXFileReference; lastKnownFileType = sourcecode.swift; path = AddBookView.swift; sourceTree = "<group>"; };
/* End PBXFileReference section */

/* Begin PBXFrameworksBuildPhase section */
		4E92DF0224B3830100E98C9E /* Frameworks */ = {
			isa = PBXFrameworksBuildPhase;
			buildActionMask = 2147483647;
			files = (
			);
			runOnlyForDeploymentPostprocessing = 0;
		};
/* End PBXFrameworksBuildPhase section */

/* Begin PBXGroup section */
		4E92DEFC24B3830100E98C9E = {
			isa = PBXGroup;
			children = (
				4E92DF0724B3830100E98C9E /* Project11 - Bookworm (@Binding, type erasure, Core Data) */,
				4E92DF0624B3830100E98C9E /* Products */,
			);
			sourceTree = "<group>";
		};
		4E92DF0624B3830100E98C9E /* Products */ = {
			isa = PBXGroup;
			children = (
				4E92DF0524B3830100E98C9E /* Project11 - Bookworm (@Binding, type erasure, Core Data).app */,
			);
			name = Products;
			sourceTree = "<group>";
		};
		4E92DF0724B3830100E98C9E /* Project11 - Bookworm (@Binding, type erasure, Core Data) */ = {
			isa = PBXGroup;
			children = (
				4E92DF0824B3830100E98C9E /* AppDelegate.swift */,
				4E92DF0A24B3830100E98C9E /* SceneDelegate.swift */,
				4E92DF0F24B3830100E98C9E /* ContentView.swift */,
				4E58D2FE24B523A80022526B /* DetailView.swift */,
				4E58D2FA24B4B7C30022526B /* RatingView.swift */,
				4E58D2FC24B4C5210022526B /* EmojiRatingView.swift */,
				4E92DF4B24B46FDD00E98C9E /* AddBookView.swift */,
				4E92DF4724B3A5BF00E98C9E /* CCD.swift */,
				4E92DF1124B3830700E98C9E /* Assets.xcassets */,
				4E92DF1624B3830700E98C9E /* LaunchScreen.storyboard */,
				4E92DF1924B3830700E98C9E /* Info.plist */,
				4E92DF0C24B3830100E98C9E /* Project11___Bookworm___Binding__type_erasure__Core_Data_.xcdatamodeld */,
				4E92DF1324B3830700E98C9E /* Preview Content */,
			);
			path = "Project11 - Bookworm (@Binding, type erasure, Core Data)";
			sourceTree = "<group>";
		};
		4E92DF1324B3830700E98C9E /* Preview Content */ = {
			isa = PBXGroup;
			children = (
				4E92DF1424B3830700E98C9E /* Preview Assets.xcassets */,
			);
			path = "Preview Content";
			sourceTree = "<group>";
		};
/* End PBXGroup section */

/* Begin PBXNativeTarget section */
		4E92DF0424B3830100E98C9E /* Project11 - Bookworm (@Binding, type erasure, Core Data) */ = {
			isa = PBXNativeTarget;
			buildConfigurationList = 4E92DF1C24B3830700E98C9E /* Build configuration list for PBXNativeTarget "Project11 - Bookworm (@Binding, type erasure, Core Data)" */;
			buildPhases = (
				4E92DF0124B3830100E98C9E /* Sources */,
				4E92DF0224B3830100E98C9E /* Frameworks */,
				4E92DF0324B3830100E98C9E /* Resources */,
			);
			buildRules = (
			);
			dependencies = (
			);
			name = "Project11 - Bookworm (@Binding, type erasure, Core Data)";
			productName = "Project11 - Bookworm (@Binding, type erasure, Core Data)";
			productReference = 4E92DF0524B3830100E98C9E /* Project11 - Bookworm (@Binding, type erasure, Core Data).app */;
			productType = "com.apple.product-type.application";
		};
/* End PBXNativeTarget section */

/* Begin PBXProject section */
		4E92DEFD24B3830100E98C9E /* Project object */ = {
			isa = PBXProject;
			attributes = {
				LastSwiftUpdateCheck = 1150;
				LastUpgradeCheck = 1150;
				ORGANIZATIONNAME = "Дмитрий";
				TargetAttributes = {
					4E92DF0424B3830100E98C9E = {
						CreatedOnToolsVersion = 11.5;
					};
				};
			};
			buildConfigurationList = 4E92DF0024B3830100E98C9E /* Build configuration list for PBXProject "Project11 - Bookworm (@Binding, type erasure, Core Data)" */;
			compatibilityVersion = "Xcode 9.3";
			developmentRegion = en;
			hasScannedForEncodings = 0;
			knownRegions = (
				en,
				Base,
			);
			mainGroup = 4E92DEFC24B3830100E98C9E;
			productRefGroup = 4E92DF0624B3830100E98C9E /* Products */;
			projectDirPath = "";
			projectRoot = "";
			targets = (
				4E92DF0424B3830100E98C9E /* Project11 - Bookworm (@Binding, type erasure, Core Data) */,
			);
		};
/* End PBXProject section */

/* Begin PBXResourcesBuildPhase section */
		4E92DF0324B3830100E98C9E /* Resources */ = {
			isa = PBXResourcesBuildPhase;
			buildActionMask = 2147483647;
			files = (
				4E92DF1824B3830700E98C9E /* LaunchScreen.storyboard in Resources */,
				4E92DF1524B3830700E98C9E /* Preview Assets.xcassets in Resources */,
				4E92DF1224B3830700E98C9E /* Assets.xcassets in Resources */,
			);
			runOnlyForDeploymentPostprocessing = 0;
		};
/* End PBXResourcesBuildPhase section */

/* Begin PBXSourcesBuildPhase section */
		4E92DF0124B3830100E98C9E /* Sources */ = {
			isa = PBXSourcesBuildPhase;
			buildActionMask = 2147483647;
			files = (
				4E92DF0924B3830100E98C9E /* AppDelegate.swift in Sources */,
				4E58D2FF24B523A80022526B /* DetailView.swift in Sources */,
				4E92DF4C24B46FDD00E98C9E /* AddBookView.swift in Sources */,
				4E92DF0B24B3830100E98C9E /* SceneDelegate.swift in Sources */,
				4E92DF1024B3830100E98C9E /* ContentView.swift in Sources */,
				4E58D2FD24B4C5210022526B /* EmojiRatingView.swift in Sources */,
				4E92DF4824B3A5C000E98C9E /* CCD.swift in Sources */,
				4E92DF0E24B3830100E98C9E /* Project11___Bookworm___Binding__type_erasure__Core_Data_.xcdatamodeld in Sources */,
				4E58D2FB24B4B7C30022526B /* RatingView.swift in Sources */,
			);
			runOnlyForDeploymentPostprocessing = 0;
		};
/* End PBXSourcesBuildPhase section */

/* Begin PBXVariantGroup section */
		4E92DF1624B3830700E98C9E /* LaunchScreen.storyboard */ = {
			isa = PBXVariantGroup;
			children = (
				4E92DF1724B3830700E98C9E /* Base */,
			);
			name = LaunchScreen.storyboard;
			sourceTree = "<group>";
		};
/* End PBXVariantGroup section */

/* Begin XCBuildConfiguration section */
		4E92DF1A24B3830700E98C9E /* Debug */ = {
			isa = XCBuildConfiguration;
			buildSettings = {
				ALWAYS_SEARCH_USER_PATHS = NO;
				CLANG_ANALYZER_NONNULL = YES;
				CLANG_ANALYZER_NUMBER_OBJECT_CONVERSION = YES_AGGRESSIVE;
				CLANG_CXX_LANGUAGE_STANDARD = "gnu++14";
				CLANG_CXX_LIBRARY = "libc++";
				CLANG_ENABLE_MODULES = YES;
				CLANG_ENABLE_OBJC_ARC = YES;
				CLANG_ENABLE_OBJC_WEAK = YES;
				CLANG_WARN_BLOCK_CAPTURE_AUTORELEASING = YES;
				CLANG_WARN_BOOL_CONVERSION = YES;
				CLANG_WARN_COMMA = YES;
				CLANG_WARN_CONSTANT_CONVERSION = YES;
				CLANG_WARN_DEPRECATED_OBJC_IMPLEMENTATIONS = YES;
				CLANG_WARN_DIRECT_OBJC_ISA_USAGE = YES_ERROR;
				CLANG_WARN_DOCUMENTATION_COMMENTS = YES;
				CLANG_WARN_EMPTY_BODY = YES;
				CLANG_WARN_ENUM_CONVERSION = YES;
				CLANG_WARN_INFINITE_RECURSION = YES;
				CLANG_WARN_INT_CONVERSION = YES;
				CLANG_WARN_NON_LITERAL_NULL_CONVERSION = YES;
				CLANG_WARN_OBJC_IMPLICIT_RETAIN_SELF = YES;
				CLANG_WARN_OBJC_LITERAL_CONVERSION = YES;
				CLANG_WARN_OBJC_ROOT_CLASS = YES_ERROR;
				CLANG_WARN_RANGE_LOOP_ANALYSIS = YES;
				CLANG_WARN_STRICT_PROTOTYPES = YES;
				CLANG_WARN_SUSPICIOUS_MOVE = YES;
				CLANG_WARN_UNGUARDED_AVAILABILITY = YES_AGGRESSIVE;
				CLANG_WARN_UNREACHABLE_CODE = YES;
				CLANG_WARN__DUPLICATE_METHOD_MATCH = YES;
				COPY_PHASE_STRIP = NO;
				DEBUG_INFORMATION_FORMAT = dwarf;
				ENABLE_STRICT_OBJC_MSGSEND = YES;
				ENABLE_TESTABILITY = YES;
				GCC_C_LANGUAGE_STANDARD = gnu11;
				GCC_DYNAMIC_NO_PIC = NO;
				GCC_NO_COMMON_BLOCKS = YES;
				GCC_OPTIMIZATION_LEVEL = 0;
				GCC_PREPROCESSOR_DEFINITIONS = (
					"DEBUG=1",
					"$(inherited)",
				);
				GCC_WARN_64_TO_32_BIT_CONVERSION = YES;
				GCC_WARN_ABOUT_RETURN_TYPE = YES_ERROR;
				GCC_WARN_UNDECLARED_SELECTOR = YES;
				GCC_WARN_UNINITIALIZED_AUTOS = YES_AGGRESSIVE;
				GCC_WARN_UNUSED_FUNCTION = YES;
				GCC_WARN_UNUSED_VARIABLE = YES;
				IPHONEOS_DEPLOYMENT_TARGET = 13.5;
				MTL_ENABLE_DEBUG_INFO = INCLUDE_SOURCE;
				MTL_FAST_MATH = YES;
				ONLY_ACTIVE_ARCH = YES;
				SDKROOT = iphoneos;
				SWIFT_ACTIVE_COMPILATION_CONDITIONS = DEBUG;
				SWIFT_OPTIMIZATION_LEVEL = "-Onone";
			};
			name = Debug;
		};
		4E92DF1B24B3830700E98C9E /* Release */ = {
			isa = XCBuildConfiguration;
			buildSettings = {
				ALWAYS_SEARCH_USER_PATHS = NO;
				CLANG_ANALYZER_NONNULL = YES;
				CLANG_ANALYZER_NUMBER_OBJECT_CONVERSION = YES_AGGRESSIVE;
				CLANG_CXX_LANGUAGE_STANDARD = "gnu++14";
				CLANG_CXX_LIBRARY = "libc++";
				CLANG_ENABLE_MODULES = YES;
				CLANG_ENABLE_OBJC_ARC = YES;
				CLANG_ENABLE_OBJC_WEAK = YES;
				CLANG_WARN_BLOCK_CAPTURE_AUTORELEASING = YES;
				CLANG_WARN_BOOL_CONVERSION = YES;
				CLANG_WARN_COMMA = YES;
				CLANG_WARN_CONSTANT_CONVERSION = YES;
				CLANG_WARN_DEPRECATED_OBJC_IMPLEMENTATIONS = YES;
				CLANG_WARN_DIRECT_OBJC_ISA_USAGE = YES_ERROR;
				CLANG_WARN_DOCUMENTATION_COMMENTS = YES;
				CLANG_WARN_EMPTY_BODY = YES;
				CLANG_WARN_ENUM_CONVERSION = YES;
				CLANG_WARN_INFINITE_RECURSION = YES;
				CLANG_WARN_INT_CONVERSION = YES;
				CLANG_WARN_NON_LITERAL_NULL_CONVERSION = YES;
				CLANG_WARN_OBJC_IMPLICIT_RETAIN_SELF = YES;
				CLANG_WARN_OBJC_LITERAL_CONVERSION = YES;
				CLANG_WARN_OBJC_ROOT_CLASS = YES_ERROR;
				CLANG_WARN_RANGE_LOOP_ANALYSIS = YES;
				CLANG_WARN_STRICT_PROTOTYPES = YES;
				CLANG_WARN_SUSPICIOUS_MOVE = YES;
				CLANG_WARN_UNGUARDED_AVAILABILITY = YES_AGGRESSIVE;
				CLANG_WARN_UNREACHABLE_CODE = YES;
				CLANG_WARN__DUPLICATE_METHOD_MATCH = YES;
				COPY_PHASE_STRIP = NO;
				DEBUG_INFORMATION_FORMAT = "dwarf-with-dsym";
				ENABLE_NS_ASSERTIONS = NO;
				ENABLE_STRICT_OBJC_MSGSEND = YES;
				GCC_C_LANGUAGE_STANDARD = gnu11;
				GCC_NO_COMMON_BLOCKS = YES;
				GCC_WARN_64_TO_32_BIT_CONVERSION = YES;
				GCC_WARN_ABOUT_RETURN_TYPE = YES_ERROR;
				GCC_WARN_UNDECLARED_SELECTOR = YES;
				GCC_WARN_UNINITIALIZED_AUTOS = YES_AGGRESSIVE;
				GCC_WARN_UNUSED_FUNCTION = YES;
				GCC_WARN_UNUSED_VARIABLE = YES;
				IPHONEOS_DEPLOYMENT_TARGET = 13.5;
				MTL_ENABLE_DEBUG_INFO = NO;
				MTL_FAST_MATH = YES;
				SDKROOT = iphoneos;
				SWIFT_COMPILATION_MODE = wholemodule;
				SWIFT_OPTIMIZATION_LEVEL = "-O";
				VALIDATE_PRODUCT = YES;
			};
			name = Release;
		};
		4E92DF1D24B3830700E98C9E /* Debug */ = {
			isa = XCBuildConfiguration;
			buildSettings = {
				ASSETCATALOG_COMPILER_APPICON_NAME = AppIcon;
				CODE_SIGN_STYLE = Automatic;
				DEVELOPMENT_ASSET_PATHS = "\"Project11 - Bookworm (@Binding, type erasure, Core Data)/Preview Content\"";
				DEVELOPMENT_TEAM = 2UCWL5WS3X;
				ENABLE_PREVIEWS = YES;
				INFOPLIST_FILE = "Project11 - Bookworm (@Binding, type erasure, Core Data)/Info.plist";
				LD_RUNPATH_SEARCH_PATHS = (
					"$(inherited)",
					"@executable_path/Frameworks",
				);
				PRODUCT_BUNDLE_IDENTIFIER = "Home.Project11---Bookworm---Binding--type-erasure--Core-Data-";
				PRODUCT_NAME = "$(TARGET_NAME)";
				SWIFT_VERSION = 5.0;
				TARGETED_DEVICE_FAMILY = "1,2";
			};
			name = Debug;
		};
		4E92DF1E24B3830700E98C9E /* Release */ = {
			isa = XCBuildConfiguration;
			buildSettings = {
				ASSETCATALOG_COMPILER_APPICON_NAME = AppIcon;
				CODE_SIGN_STYLE = Automatic;
				DEVELOPMENT_ASSET_PATHS = "\"Project11 - Bookworm (@Binding, type erasure, Core Data)/Preview Content\"";
				DEVELOPMENT_TEAM = 2UCWL5WS3X;
				ENABLE_PREVIEWS = YES;
				INFOPLIST_FILE = "Project11 - Bookworm (@Binding, type erasure, Core Data)/Info.plist";
				LD_RUNPATH_SEARCH_PATHS = (
					"$(inherited)",
					"@executable_path/Frameworks",
				);
				PRODUCT_BUNDLE_IDENTIFIER = "Home.Project11---Bookworm---Binding--type-erasure--Core-Data-";
				PRODUCT_NAME = "$(TARGET_NAME)";
				SWIFT_VERSION = 5.0;
				TARGETED_DEVICE_FAMILY = "1,2";
			};
			name = Release;
		};
/* End XCBuildConfiguration section */

/* Begin XCConfigurationList section */
		4E92DF0024B3830100E98C9E /* Build configuration list for PBXProject "Project11 - Bookworm (@Binding, type erasure, Core Data)" */ = {
			isa = XCConfigurationList;
			buildConfigurations = (
				4E92DF1A24B3830700E98C9E /* Debug */,
				4E92DF1B24B3830700E98C9E /* Release */,
			);
			defaultConfigurationIsVisible = 0;
			defaultConfigurationName = Release;
		};
		4E92DF1C24B3830700E98C9E /* Build configuration list for PBXNativeTarget "Project11 - Bookworm (@Binding, type erasure, Core Data)" */ = {
			isa = XCConfigurationList;
			buildConfigurations = (
				4E92DF1D24B3830700E98C9E /* Debug */,
				4E92DF1E24B3830700E98C9E /* Release */,
			);
			defaultConfigurationIsVisible = 0;
			defaultConfigurationName = Release;
		};
/* End XCConfigurationList section */

/* Begin XCVersionGroup section */
		4E92DF0C24B3830100E98C9E /* Project11___Bookworm___Binding__type_erasure__Core_Data_.xcdatamodeld */ = {
			isa = XCVersionGroup;
			children = (
				4E92DF0D24B3830100E98C9E /* Project11___Bookworm___Binding__type_erasure__Core_Data_.xcdatamodel */,
			);
			currentVersion = 4E92DF0D24B3830100E98C9E /* Project11___Bookworm___Binding__type_erasure__Core_Data_.xcdatamodel */;
			path = "Project11___Bookworm___Binding__type_erasure__Core_Data_.xcdatamodeld";
			sourceTree = "<group>";
			versionGroupType = wrapper.xcdatamodel;
		};
/* End XCVersionGroup section */
	};
	rootObject = 4E92DEFD24B3830100E98C9E /* Project object */;
}
