// !$*UTF8*$!
{
	archiveVersion = 1;
	classes = {
	};
	objectVersion = 52;
	objects = {

/* Begin PBXBuildFile section */
		4E97266624EC41240007328D /* AppDelegate.swift in Sources */ = {isa = PBXBuildFile; fileRef = 4E97266524EC41240007328D /* AppDelegate.swift */; };
		4E97266824EC41240007328D /* SceneDelegate.swift in Sources */ = {isa = PBXBuildFile; fileRef = 4E97266724EC41240007328D /* SceneDelegate.swift */; };
		4E97266A24EC41240007328D /* ContentView.swift in Sources */ = {isa = PBXBuildFile; fileRef = 4E97266924EC41240007328D /* ContentView.swift */; };
		4E97266C24EC41300007328D /* Assets.xcassets in Resources */ = {isa = PBXBuildFile; fileRef = 4E97266B24EC41300007328D /* Assets.xcassets */; };
		4E97266F24EC41300007328D /* Preview Assets.xcassets in Resources */ = {isa = PBXBuildFile; fileRef = 4E97266E24EC41300007328D /* Preview Assets.xcassets */; };
		4E97267224EC41300007328D /* LaunchScreen.storyboard in Resources */ = {isa = PBXBuildFile; fileRef = 4E97267024EC41300007328D /* LaunchScreen.storyboard */; };
		4E97267A24EC50D70007328D /* EnvironmentObjectView.swift in Sources */ = {isa = PBXBuildFile; fileRef = 4E97267924EC50D70007328D /* EnvironmentObjectView.swift */; };
		4E97267C24EC52720007328D /* TabsView.swift in Sources */ = {isa = PBXBuildFile; fileRef = 4E97267B24EC52720007328D /* TabsView.swift */; };
		4E97267E24EC58810007328D /* ResultTypeView.swift in Sources */ = {isa = PBXBuildFile; fileRef = 4E97267D24EC58810007328D /* ResultTypeView.swift */; };
		4E97268024EC63760007328D /* ObjectWillChangeAndAsyncAfterView.swift in Sources */ = {isa = PBXBuildFile; fileRef = 4E97267F24EC63760007328D /* ObjectWillChangeAndAsyncAfterView.swift */; };
		4EECC90D24ED467A00C3CA02 /* ImageInterpolationView.swift in Sources */ = {isa = PBXBuildFile; fileRef = 4EECC90C24ED467A00C3CA02 /* ImageInterpolationView.swift */; };
		4EECC91124ED487500C3CA02 /* ContextMenusView.swift in Sources */ = {isa = PBXBuildFile; fileRef = 4EECC91024ED487500C3CA02 /* ContextMenusView.swift */; };
		4EECC91324ED4B8B00C3CA02 /* LocalNotificationsView.swift in Sources */ = {isa = PBXBuildFile; fileRef = 4EECC91224ED4B8B00C3CA02 /* LocalNotificationsView.swift */; };
		4EECC91624ED991300C3CA02 /* SamplePackage in Frameworks */ = {isa = PBXBuildFile; productRef = 4EECC91524ED991300C3CA02 /* SamplePackage */; };
		4EECC91824ED99A600C3CA02 /* AddSwiftPackageView.swift in Sources */ = {isa = PBXBuildFile; fileRef = 4EECC91724ED99A600C3CA02 /* AddSwiftPackageView.swift */; };
		4EECC91A24EEC73900C3CA02 /* ProspectsView.swift in Sources */ = {isa = PBXBuildFile; fileRef = 4EECC91924EEC73900C3CA02 /* ProspectsView.swift */; };
		4EECC91C24EEC78000C3CA02 /* MeView.swift in Sources */ = {isa = PBXBuildFile; fileRef = 4EECC91B24EEC78000C3CA02 /* MeView.swift */; };
/* End PBXBuildFile section */

/* Begin PBXFileReference section */
		4E97266224EC41240007328D /* Project16 - HotProspect.app */ = {isa = PBXFileReference; explicitFileType = wrapper.application; includeInIndex = 0; path = "Project16 - HotProspect.app"; sourceTree = BUILT_PRODUCTS_DIR; };
		4E97266524EC41240007328D /* AppDelegate.swift */ = {isa = PBXFileReference; lastKnownFileType = sourcecode.swift; path = AppDelegate.swift; sourceTree = "<group>"; };
		4E97266724EC41240007328D /* SceneDelegate.swift */ = {isa = PBXFileReference; lastKnownFileType = sourcecode.swift; path = SceneDelegate.swift; sourceTree = "<group>"; };
		4E97266924EC41240007328D /* ContentView.swift */ = {isa = PBXFileReference; lastKnownFileType = sourcecode.swift; path = ContentView.swift; sourceTree = "<group>"; };
		4E97266B24EC41300007328D /* Assets.xcassets */ = {isa = PBXFileReference; lastKnownFileType = folder.assetcatalog; path = Assets.xcassets; sourceTree = "<group>"; };
		4E97266E24EC41300007328D /* Preview Assets.xcassets */ = {isa = PBXFileReference; lastKnownFileType = folder.assetcatalog; path = "Preview Assets.xcassets"; sourceTree = "<group>"; };
		4E97267124EC41300007328D /* Base */ = {isa = PBXFileReference; lastKnownFileType = file.storyboard; name = Base; path = Base.lproj/LaunchScreen.storyboard; sourceTree = "<group>"; };
		4E97267324EC41300007328D /* Info.plist */ = {isa = PBXFileReference; lastKnownFileType = text.plist.xml; path = Info.plist; sourceTree = "<group>"; };
		4E97267924EC50D70007328D /* EnvironmentObjectView.swift */ = {isa = PBXFileReference; lastKnownFileType = sourcecode.swift; name = EnvironmentObjectView.swift; path = Learning/EnvironmentObjectView.swift; sourceTree = "<group>"; };
		4E97267B24EC52720007328D /* TabsView.swift */ = {isa = PBXFileReference; lastKnownFileType = sourcecode.swift; name = TabsView.swift; path = Learning/TabsView.swift; sourceTree = "<group>"; };
		4E97267D24EC58810007328D /* ResultTypeView.swift */ = {isa = PBXFileReference; lastKnownFileType = sourcecode.swift; name = ResultTypeView.swift; path = Learning/ResultTypeView.swift; sourceTree = "<group>"; };
		4E97267F24EC63760007328D /* ObjectWillChangeAndAsyncAfterView.swift */ = {isa = PBXFileReference; lastKnownFileType = sourcecode.swift; name = ObjectWillChangeAndAsyncAfterView.swift; path = Learning/ObjectWillChangeAndAsyncAfterView.swift; sourceTree = "<group>"; };
		4EECC90C24ED467A00C3CA02 /* ImageInterpolationView.swift */ = {isa = PBXFileReference; lastKnownFileType = sourcecode.swift; name = ImageInterpolationView.swift; path = Learning/ImageInterpolationView.swift; sourceTree = "<group>"; };
		4EECC91024ED487500C3CA02 /* ContextMenusView.swift */ = {isa = PBXFileReference; fileEncoding = 4; lastKnownFileType = sourcecode.swift; name = ContextMenusView.swift; path = Learning/ContextMenusView.swift; sourceTree = "<group>"; };
		4EECC91224ED4B8B00C3CA02 /* LocalNotificationsView.swift */ = {isa = PBXFileReference; lastKnownFileType = sourcecode.swift; name = LocalNotificationsView.swift; path = Learning/LocalNotificationsView.swift; sourceTree = "<group>"; };
		4EECC91724ED99A600C3CA02 /* AddSwiftPackageView.swift */ = {isa = PBXFileReference; lastKnownFileType = sourcecode.swift; name = AddSwiftPackageView.swift; path = Learning/AddSwiftPackageView.swift; sourceTree = "<group>"; };
		4EECC91924EEC73900C3CA02 /* ProspectsView.swift */ = {isa = PBXFileReference; lastKnownFileType = sourcecode.swift; path = ProspectsView.swift; sourceTree = "<group>"; };
		4EECC91B24EEC78000C3CA02 /* MeView.swift */ = {isa = PBXFileReference; lastKnownFileType = sourcecode.swift; path = MeView.swift; sourceTree = "<group>"; };
/* End PBXFileReference section */

/* Begin PBXFrameworksBuildPhase section */
		4E97265F24EC41230007328D /* Frameworks */ = {
			isa = PBXFrameworksBuildPhase;
			buildActionMask = 2147483647;
			files = (
				4EECC91624ED991300C3CA02 /* SamplePackage in Frameworks */,
			);
			runOnlyForDeploymentPostprocessing = 0;
		};
/* End PBXFrameworksBuildPhase section */

/* Begin PBXGroup section */
		4E97265924EC41230007328D = {
			isa = PBXGroup;
			children = (
				4E97266424EC41240007328D /* Project16 - HotProspect */,
				4E97266324EC41240007328D /* Products */,
			);
			sourceTree = "<group>";
		};
		4E97266324EC41240007328D /* Products */ = {
			isa = PBXGroup;
			children = (
				4E97266224EC41240007328D /* Project16 - HotProspect.app */,
			);
			name = Products;
			sourceTree = "<group>";
		};
		4E97266424EC41240007328D /* Project16 - HotProspect */ = {
			isa = PBXGroup;
			children = (
				4EECC91024ED487500C3CA02 /* ContextMenusView.swift */,
				4EECC91224ED4B8B00C3CA02 /* LocalNotificationsView.swift */,
				4E97267924EC50D70007328D /* EnvironmentObjectView.swift */,
				4E97267B24EC52720007328D /* TabsView.swift */,
				4E97267D24EC58810007328D /* ResultTypeView.swift */,
				4E97266524EC41240007328D /* AppDelegate.swift */,
				4E97266724EC41240007328D /* SceneDelegate.swift */,
				4E97266924EC41240007328D /* ContentView.swift */,
				4EECC91724ED99A600C3CA02 /* AddSwiftPackageView.swift */,
				4EECC91924EEC73900C3CA02 /* ProspectsView.swift */,
				4EECC91B24EEC78000C3CA02 /* MeView.swift */,
				4E97267F24EC63760007328D /* ObjectWillChangeAndAsyncAfterView.swift */,
				4EECC90C24ED467A00C3CA02 /* ImageInterpolationView.swift */,
				4E97266B24EC41300007328D /* Assets.xcassets */,
				4E97267024EC41300007328D /* LaunchScreen.storyboard */,
				4E97267324EC41300007328D /* Info.plist */,
				4E97266D24EC41300007328D /* Preview Content */,
			);
			path = "Project16 - HotProspect";
			sourceTree = "<group>";
		};
		4E97266D24EC41300007328D /* Preview Content */ = {
			isa = PBXGroup;
			children = (
				4E97266E24EC41300007328D /* Preview Assets.xcassets */,
			);
			path = "Preview Content";
			sourceTree = "<group>";
		};
/* End PBXGroup section */

/* Begin PBXNativeTarget section */
		4E97266124EC41230007328D /* Project16 - HotProspect */ = {
			isa = PBXNativeTarget;
			buildConfigurationList = 4E97267624EC41300007328D /* Build configuration list for PBXNativeTarget "Project16 - HotProspect" */;
			buildPhases = (
				4E97265E24EC41230007328D /* Sources */,
				4E97265F24EC41230007328D /* Frameworks */,
				4E97266024EC41230007328D /* Resources */,
			);
			buildRules = (
			);
			dependencies = (
			);
			name = "Project16 - HotProspect";
			packageProductDependencies = (
				4EECC91524ED991300C3CA02 /* SamplePackage */,
			);
			productName = "Project16 - HotProspect";
			productReference = 4E97266224EC41240007328D /* Project16 - HotProspect.app */;
			productType = "com.apple.product-type.application";
		};
/* End PBXNativeTarget section */

/* Begin PBXProject section */
		4E97265A24EC41230007328D /* Project object */ = {
			isa = PBXProject;
			attributes = {
				LastSwiftUpdateCheck = 1160;
				LastUpgradeCheck = 1160;
				ORGANIZATIONNAME = "Дмитрий";
				TargetAttributes = {
					4E97266124EC41230007328D = {
						CreatedOnToolsVersion = 11.6;
					};
				};
			};
			buildConfigurationList = 4E97265D24EC41230007328D /* Build configuration list for PBXProject "Project16 - HotProspect" */;
			compatibilityVersion = "Xcode 9.3";
			developmentRegion = en;
			hasScannedForEncodings = 0;
			knownRegions = (
				en,
				Base,
			);
			mainGroup = 4E97265924EC41230007328D;
			packageReferences = (
				4EECC91424ED991300C3CA02 /* XCRemoteSwiftPackageReference "SamplePackage" */,
			);
			productRefGroup = 4E97266324EC41240007328D /* Products */;
			projectDirPath = "";
			projectRoot = "";
			targets = (
				4E97266124EC41230007328D /* Project16 - HotProspect */,
			);
		};
/* End PBXProject section */

/* Begin PBXResourcesBuildPhase section */
		4E97266024EC41230007328D /* Resources */ = {
			isa = PBXResourcesBuildPhase;
			buildActionMask = 2147483647;
			files = (
				4E97267224EC41300007328D /* LaunchScreen.storyboard in Resources */,
				4E97266F24EC41300007328D /* Preview Assets.xcassets in Resources */,
				4E97266C24EC41300007328D /* Assets.xcassets in Resources */,
			);
			runOnlyForDeploymentPostprocessing = 0;
		};
/* End PBXResourcesBuildPhase section */

/* Begin PBXSourcesBuildPhase section */
		4E97265E24EC41230007328D /* Sources */ = {
			isa = PBXSourcesBuildPhase;
			buildActionMask = 2147483647;
			files = (
				4EECC91A24EEC73900C3CA02 /* ProspectsView.swift in Sources */,
				4EECC91124ED487500C3CA02 /* ContextMenusView.swift in Sources */,
				4E97268024EC63760007328D /* ObjectWillChangeAndAsyncAfterView.swift in Sources */,
				4E97266624EC41240007328D /* AppDelegate.swift in Sources */,
				4E97267A24EC50D70007328D /* EnvironmentObjectView.swift in Sources */,
				4E97267E24EC58810007328D /* ResultTypeView.swift in Sources */,
				4E97266824EC41240007328D /* SceneDelegate.swift in Sources */,
				4EECC90D24ED467A00C3CA02 /* ImageInterpolationView.swift in Sources */,
				4E97266A24EC41240007328D /* ContentView.swift in Sources */,
				4E97267C24EC52720007328D /* TabsView.swift in Sources */,
				4EECC91824ED99A600C3CA02 /* AddSwiftPackageView.swift in Sources */,
				4EECC91324ED4B8B00C3CA02 /* LocalNotificationsView.swift in Sources */,
				4EECC91C24EEC78000C3CA02 /* MeView.swift in Sources */,
			);
			runOnlyForDeploymentPostprocessing = 0;
		};
/* End PBXSourcesBuildPhase section */

/* Begin PBXVariantGroup section */
		4E97267024EC41300007328D /* LaunchScreen.storyboard */ = {
			isa = PBXVariantGroup;
			children = (
				4E97267124EC41300007328D /* Base */,
			);
			name = LaunchScreen.storyboard;
			sourceTree = "<group>";
		};
/* End PBXVariantGroup section */

/* Begin XCBuildConfiguration section */
		4E97267424EC41300007328D /* Debug */ = {
			isa = XCBuildConfiguration;
			buildSettings = {
				ALWAYS_SEARCH_USER_PATHS = NO;
				CLANG_ANALYZER_NONNULL = YES;
				CLANG_ANALYZER_NUMBER_OBJECT_CONVERSION = YES_AGGRESSIVE;
				CLANG_CXX_LANGUAGE_STANDARD = "gnu++14";
				CLANG_CXX_LIBRARY = "libc++";
				CLANG_ENABLE_MODULES = YES;
				CLANG_ENABLE_OBJC_ARC = YES;
				CLANG_ENABLE_OBJC_WEAK = YES;
				CLANG_WARN_BLOCK_CAPTURE_AUTORELEASING = YES;
				CLANG_WARN_BOOL_CONVERSION = YES;
				CLANG_WARN_COMMA = YES;
				CLANG_WARN_CONSTANT_CONVERSION = YES;
				CLANG_WARN_DEPRECATED_OBJC_IMPLEMENTATIONS = YES;
				CLANG_WARN_DIRECT_OBJC_ISA_USAGE = YES_ERROR;
				CLANG_WARN_DOCUMENTATION_COMMENTS = YES;
				CLANG_WARN_EMPTY_BODY = YES;
				CLANG_WARN_ENUM_CONVERSION = YES;
				CLANG_WARN_INFINITE_RECURSION = YES;
				CLANG_WARN_INT_CONVERSION = YES;
				CLANG_WARN_NON_LITERAL_NULL_CONVERSION = YES;
				CLANG_WARN_OBJC_IMPLICIT_RETAIN_SELF = YES;
				CLANG_WARN_OBJC_LITERAL_CONVERSION = YES;
				CLANG_WARN_OBJC_ROOT_CLASS = YES_ERROR;
				CLANG_WARN_RANGE_LOOP_ANALYSIS = YES;
				CLANG_WARN_STRICT_PROTOTYPES = YES;
				CLANG_WARN_SUSPICIOUS_MOVE = YES;
				CLANG_WARN_UNGUARDED_AVAILABILITY = YES_AGGRESSIVE;
				CLANG_WARN_UNREACHABLE_CODE = YES;
				CLANG_WARN__DUPLICATE_METHOD_MATCH = YES;
				COPY_PHASE_STRIP = NO;
				DEBUG_INFORMATION_FORMAT = dwarf;
				ENABLE_STRICT_OBJC_MSGSEND = YES;
				ENABLE_TESTABILITY = YES;
				GCC_C_LANGUAGE_STANDARD = gnu11;
				GCC_DYNAMIC_NO_PIC = NO;
				GCC_NO_COMMON_BLOCKS = YES;
				GCC_OPTIMIZATION_LEVEL = 0;
				GCC_PREPROCESSOR_DEFINITIONS = (
					"DEBUG=1",
					"$(inherited)",
				);
				GCC_WARN_64_TO_32_BIT_CONVERSION = YES;
				GCC_WARN_ABOUT_RETURN_TYPE = YES_ERROR;
				GCC_WARN_UNDECLARED_SELECTOR = YES;
				GCC_WARN_UNINITIALIZED_AUTOS = YES_AGGRESSIVE;
				GCC_WARN_UNUSED_FUNCTION = YES;
				GCC_WARN_UNUSED_VARIABLE = YES;
				IPHONEOS_DEPLOYMENT_TARGET = 13.6;
				MTL_ENABLE_DEBUG_INFO = INCLUDE_SOURCE;
				MTL_FAST_MATH = YES;
				ONLY_ACTIVE_ARCH = YES;
				SDKROOT = iphoneos;
				SWIFT_ACTIVE_COMPILATION_CONDITIONS = DEBUG;
				SWIFT_OPTIMIZATION_LEVEL = "-Onone";
			};
			name = Debug;
		};
		4E97267524EC41300007328D /* Release */ = {
			isa = XCBuildConfiguration;
			buildSettings = {
				ALWAYS_SEARCH_USER_PATHS = NO;
				CLANG_ANALYZER_NONNULL = YES;
				CLANG_ANALYZER_NUMBER_OBJECT_CONVERSION = YES_AGGRESSIVE;
				CLANG_CXX_LANGUAGE_STANDARD = "gnu++14";
				CLANG_CXX_LIBRARY = "libc++";
				CLANG_ENABLE_MODULES = YES;
				CLANG_ENABLE_OBJC_ARC = YES;
				CLANG_ENABLE_OBJC_WEAK = YES;
				CLANG_WARN_BLOCK_CAPTURE_AUTORELEASING = YES;
				CLANG_WARN_BOOL_CONVERSION = YES;
				CLANG_WARN_COMMA = YES;
				CLANG_WARN_CONSTANT_CONVERSION = YES;
				CLANG_WARN_DEPRECATED_OBJC_IMPLEMENTATIONS = YES;
				CLANG_WARN_DIRECT_OBJC_ISA_USAGE = YES_ERROR;
				CLANG_WARN_DOCUMENTATION_COMMENTS = YES;
				CLANG_WARN_EMPTY_BODY = YES;
				CLANG_WARN_ENUM_CONVERSION = YES;
				CLANG_WARN_INFINITE_RECURSION = YES;
				CLANG_WARN_INT_CONVERSION = YES;
				CLANG_WARN_NON_LITERAL_NULL_CONVERSION = YES;
				CLANG_WARN_OBJC_IMPLICIT_RETAIN_SELF = YES;
				CLANG_WARN_OBJC_LITERAL_CONVERSION = YES;
				CLANG_WARN_OBJC_ROOT_CLASS = YES_ERROR;
				CLANG_WARN_RANGE_LOOP_ANALYSIS = YES;
				CLANG_WARN_STRICT_PROTOTYPES = YES;
				CLANG_WARN_SUSPICIOUS_MOVE = YES;
				CLANG_WARN_UNGUARDED_AVAILABILITY = YES_AGGRESSIVE;
				CLANG_WARN_UNREACHABLE_CODE = YES;
				CLANG_WARN__DUPLICATE_METHOD_MATCH = YES;
				COPY_PHASE_STRIP = NO;
				DEBUG_INFORMATION_FORMAT = "dwarf-with-dsym";
				ENABLE_NS_ASSERTIONS = NO;
				ENABLE_STRICT_OBJC_MSGSEND = YES;
				GCC_C_LANGUAGE_STANDARD = gnu11;
				GCC_NO_COMMON_BLOCKS = YES;
				GCC_WARN_64_TO_32_BIT_CONVERSION = YES;
				GCC_WARN_ABOUT_RETURN_TYPE = YES_ERROR;
				GCC_WARN_UNDECLARED_SELECTOR = YES;
				GCC_WARN_UNINITIALIZED_AUTOS = YES_AGGRESSIVE;
				GCC_WARN_UNUSED_FUNCTION = YES;
				GCC_WARN_UNUSED_VARIABLE = YES;
				IPHONEOS_DEPLOYMENT_TARGET = 13.6;
				MTL_ENABLE_DEBUG_INFO = NO;
				MTL_FAST_MATH = YES;
				SDKROOT = iphoneos;
				SWIFT_COMPILATION_MODE = wholemodule;
				SWIFT_OPTIMIZATION_LEVEL = "-O";
				VALIDATE_PRODUCT = YES;
			};
			name = Release;
		};
		4E97267724EC41300007328D /* Debug */ = {
			isa = XCBuildConfiguration;
			buildSettings = {
				ASSETCATALOG_COMPILER_APPICON_NAME = AppIcon;
				CODE_SIGN_STYLE = Automatic;
				DEVELOPMENT_ASSET_PATHS = "\"Project16 - HotProspect/Preview Content\"";
				DEVELOPMENT_TEAM = 2UCWL5WS3X;
				ENABLE_PREVIEWS = YES;
				INFOPLIST_FILE = "Project16 - HotProspect/Info.plist";
				LD_RUNPATH_SEARCH_PATHS = (
					"$(inherited)",
					"@executable_path/Frameworks",
				);
				PRODUCT_BUNDLE_IDENTIFIER = "Home.Project16---HotProspect";
				PRODUCT_NAME = "$(TARGET_NAME)";
				SWIFT_VERSION = 5.0;
				TARGETED_DEVICE_FAMILY = "1,2";
			};
			name = Debug;
		};
		4E97267824EC41300007328D /* Release */ = {
			isa = XCBuildConfiguration;
			buildSettings = {
				ASSETCATALOG_COMPILER_APPICON_NAME = AppIcon;
				CODE_SIGN_STYLE = Automatic;
				DEVELOPMENT_ASSET_PATHS = "\"Project16 - HotProspect/Preview Content\"";
				DEVELOPMENT_TEAM = 2UCWL5WS3X;
				ENABLE_PREVIEWS = YES;
				INFOPLIST_FILE = "Project16 - HotProspect/Info.plist";
				LD_RUNPATH_SEARCH_PATHS = (
					"$(inherited)",
					"@executable_path/Frameworks",
				);
				PRODUCT_BUNDLE_IDENTIFIER = "Home.Project16---HotProspect";
				PRODUCT_NAME = "$(TARGET_NAME)";
				SWIFT_VERSION = 5.0;
				TARGETED_DEVICE_FAMILY = "1,2";
			};
			name = Release;
		};
/* End XCBuildConfiguration section */

/* Begin XCConfigurationList section */
		4E97265D24EC41230007328D /* Build configuration list for PBXProject "Project16 - HotProspect" */ = {
			isa = XCConfigurationList;
			buildConfigurations = (
				4E97267424EC41300007328D /* Debug */,
				4E97267524EC41300007328D /* Release */,
			);
			defaultConfigurationIsVisible = 0;
			defaultConfigurationName = Release;
		};
		4E97267624EC41300007328D /* Build configuration list for PBXNativeTarget "Project16 - HotProspect" */ = {
			isa = XCConfigurationList;
			buildConfigurations = (
				4E97267724EC41300007328D /* Debug */,
				4E97267824EC41300007328D /* Release */,
			);
			defaultConfigurationIsVisible = 0;
			defaultConfigurationName = Release;
		};
/* End XCConfigurationList section */

/* Begin XCRemoteSwiftPackageReference section */
		4EECC91424ED991300C3CA02 /* XCRemoteSwiftPackageReference "SamplePackage" */ = {
			isa = XCRemoteSwiftPackageReference;
			repositoryURL = "https://github.com/twostraws/SamplePackage";
			requirement = {
				kind = upToNextMajorVersion;
				minimumVersion = 1.0.0;
			};
		};
/* End XCRemoteSwiftPackageReference section */

/* Begin XCSwiftPackageProductDependency section */
		4EECC91524ED991300C3CA02 /* SamplePackage */ = {
			isa = XCSwiftPackageProductDependency;
			package = 4EECC91424ED991300C3CA02 /* XCRemoteSwiftPackageReference "SamplePackage" */;
			productName = SamplePackage;
		};
/* End XCSwiftPackageProductDependency section */
	};
	rootObject = 4E97265A24EC41230007328D /* Project object */;
}
