// !$*UTF8*$!
{
	archiveVersion = 1;
	classes = {
	};
	objectVersion = 50;
	objects = {

/* Begin PBXBuildFile section */
		4EBA27E224B7241C0050F1EA /* AppDelegate.swift in Sources */ = {isa = PBXBuildFile; fileRef = 4EBA27E124B7241C0050F1EA /* AppDelegate.swift */; };
		4EBA27E424B7241C0050F1EA /* SceneDelegate.swift in Sources */ = {isa = PBXBuildFile; fileRef = 4EBA27E324B7241C0050F1EA /* SceneDelegate.swift */; };
		4EBA27E724B7241C0050F1EA /* Project12___CoreData.xcdatamodeld in Sources */ = {isa = PBXBuildFile; fileRef = 4EBA27E524B7241C0050F1EA /* Project12___CoreData.xcdatamodeld */; };
		4EBA27E924B7241C0050F1EA /* ContentView.swift in Sources */ = {isa = PBXBuildFile; fileRef = 4EBA27E824B7241C0050F1EA /* ContentView.swift */; };
		4EBA27EB24B7241E0050F1EA /* Assets.xcassets in Resources */ = {isa = PBXBuildFile; fileRef = 4EBA27EA24B7241E0050F1EA /* Assets.xcassets */; };
		4EBA27EE24B7241E0050F1EA /* Preview Assets.xcassets in Resources */ = {isa = PBXBuildFile; fileRef = 4EBA27ED24B7241E0050F1EA /* Preview Assets.xcassets */; };
		4EBA27F124B7241E0050F1EA /* LaunchScreen.storyboard in Resources */ = {isa = PBXBuildFile; fileRef = 4EBA27EF24B7241E0050F1EA /* LaunchScreen.storyboard */; };
		4EBA280824B72C0B0050F1EA /* Movie+CoreDataClass.swift in Sources */ = {isa = PBXBuildFile; fileRef = 4EBA280624B72C0B0050F1EA /* Movie+CoreDataClass.swift */; };
		4EBA280924B72C0B0050F1EA /* Movie+CoreDataProperties.swift in Sources */ = {isa = PBXBuildFile; fileRef = 4EBA280724B72C0B0050F1EA /* Movie+CoreDataProperties.swift */; };
/* End PBXBuildFile section */

/* Begin PBXFileReference section */
		4EBA27DE24B7241C0050F1EA /* Project12 - CoreData.app */ = {isa = PBXFileReference; explicitFileType = wrapper.application; includeInIndex = 0; path = "Project12 - CoreData.app"; sourceTree = BUILT_PRODUCTS_DIR; };
		4EBA27E124B7241C0050F1EA /* AppDelegate.swift */ = {isa = PBXFileReference; lastKnownFileType = sourcecode.swift; path = AppDelegate.swift; sourceTree = "<group>"; };
		4EBA27E324B7241C0050F1EA /* SceneDelegate.swift */ = {isa = PBXFileReference; lastKnownFileType = sourcecode.swift; path = SceneDelegate.swift; sourceTree = "<group>"; };
		4EBA27E624B7241C0050F1EA /* Project12___CoreData.xcdatamodel */ = {isa = PBXFileReference; lastKnownFileType = wrapper.xcdatamodel; path = "Project12___CoreData.xcdatamodel"; sourceTree = "<group>"; };
		4EBA27E824B7241C0050F1EA /* ContentView.swift */ = {isa = PBXFileReference; lastKnownFileType = sourcecode.swift; path = ContentView.swift; sourceTree = "<group>"; };
		4EBA27EA24B7241E0050F1EA /* Assets.xcassets */ = {isa = PBXFileReference; lastKnownFileType = folder.assetcatalog; path = Assets.xcassets; sourceTree = "<group>"; };
		4EBA27ED24B7241E0050F1EA /* Preview Assets.xcassets */ = {isa = PBXFileReference; lastKnownFileType = folder.assetcatalog; path = "Preview Assets.xcassets"; sourceTree = "<group>"; };
		4EBA27F024B7241E0050F1EA /* Base */ = {isa = PBXFileReference; lastKnownFileType = file.storyboard; name = Base; path = Base.lproj/LaunchScreen.storyboard; sourceTree = "<group>"; };
		4EBA27F224B7241E0050F1EA /* Info.plist */ = {isa = PBXFileReference; lastKnownFileType = text.plist.xml; path = Info.plist; sourceTree = "<group>"; };
		4EBA280624B72C0B0050F1EA /* Movie+CoreDataClass.swift */ = {isa = PBXFileReference; lastKnownFileType = sourcecode.swift; path = "Movie+CoreDataClass.swift"; sourceTree = "<group>"; };
		4EBA280724B72C0B0050F1EA /* Movie+CoreDataProperties.swift */ = {isa = PBXFileReference; lastKnownFileType = sourcecode.swift; path = "Movie+CoreDataProperties.swift"; sourceTree = "<group>"; };
/* End PBXFileReference section */

/* Begin PBXFrameworksBuildPhase section */
		4EBA27DB24B7241C0050F1EA /* Frameworks */ = {
			isa = PBXFrameworksBuildPhase;
			buildActionMask = 2147483647;
			files = (
			);
			runOnlyForDeploymentPostprocessing = 0;
		};
/* End PBXFrameworksBuildPhase section */

/* Begin PBXGroup section */
		4EBA27D524B7241C0050F1EA = {
			isa = PBXGroup;
			children = (
				4EBA27E024B7241C0050F1EA /* Project12 - CoreData */,
				4EBA27DF24B7241C0050F1EA /* Products */,
			);
			sourceTree = "<group>";
		};
		4EBA27DF24B7241C0050F1EA /* Products */ = {
			isa = PBXGroup;
			children = (
				4EBA27DE24B7241C0050F1EA /* Project12 - CoreData.app */,
			);
			name = Products;
			sourceTree = "<group>";
		};
		4EBA27E024B7241C0050F1EA /* Project12 - CoreData */ = {
			isa = PBXGroup;
			children = (
				4EBA280624B72C0B0050F1EA /* Movie+CoreDataClass.swift */,
				4EBA280724B72C0B0050F1EA /* Movie+CoreDataProperties.swift */,
				4EBA27E124B7241C0050F1EA /* AppDelegate.swift */,
				4EBA27E324B7241C0050F1EA /* SceneDelegate.swift */,
				4EBA27E824B7241C0050F1EA /* ContentView.swift */,
				4EBA27EA24B7241E0050F1EA /* Assets.xcassets */,
				4EBA27EF24B7241E0050F1EA /* LaunchScreen.storyboard */,
				4EBA27F224B7241E0050F1EA /* Info.plist */,
				4EBA27E524B7241C0050F1EA /* Project12___CoreData.xcdatamodeld */,
				4EBA27EC24B7241E0050F1EA /* Preview Content */,
			);
			path = "Project12 - CoreData";
			sourceTree = "<group>";
		};
		4EBA27EC24B7241E0050F1EA /* Preview Content */ = {
			isa = PBXGroup;
			children = (
				4EBA27ED24B7241E0050F1EA /* Preview Assets.xcassets */,
			);
			path = "Preview Content";
			sourceTree = "<group>";
		};
/* End PBXGroup section */

/* Begin PBXNativeTarget section */
		4EBA27DD24B7241C0050F1EA /* Project12 - CoreData */ = {
			isa = PBXNativeTarget;
			buildConfigurationList = 4EBA27F524B7241E0050F1EA /* Build configuration list for PBXNativeTarget "Project12 - CoreData" */;
			buildPhases = (
				4EBA27DA24B7241C0050F1EA /* Sources */,
				4EBA27DB24B7241C0050F1EA /* Frameworks */,
				4EBA27DC24B7241C0050F1EA /* Resources */,
			);
			buildRules = (
			);
			dependencies = (
			);
			name = "Project12 - CoreData";
			productName = "Project12 - CoreData";
			productReference = 4EBA27DE24B7241C0050F1EA /* Project12 - CoreData.app */;
			productType = "com.apple.product-type.application";
		};
/* End PBXNativeTarget section */

/* Begin PBXProject section */
		4EBA27D624B7241C0050F1EA /* Project object */ = {
			isa = PBXProject;
			attributes = {
				LastSwiftUpdateCheck = 1150;
				LastUpgradeCheck = 1150;
				ORGANIZATIONNAME = "Дмитрий";
				TargetAttributes = {
					4EBA27DD24B7241C0050F1EA = {
						CreatedOnToolsVersion = 11.5;
					};
				};
			};
			buildConfigurationList = 4EBA27D924B7241C0050F1EA /* Build configuration list for PBXProject "Project12 - CoreData" */;
			compatibilityVersion = "Xcode 9.3";
			developmentRegion = en;
			hasScannedForEncodings = 0;
			knownRegions = (
				en,
				Base,
			);
			mainGroup = 4EBA27D524B7241C0050F1EA;
			productRefGroup = 4EBA27DF24B7241C0050F1EA /* Products */;
			projectDirPath = "";
			projectRoot = "";
			targets = (
				4EBA27DD24B7241C0050F1EA /* Project12 - CoreData */,
			);
		};
/* End PBXProject section */

/* Begin PBXResourcesBuildPhase section */
		4EBA27DC24B7241C0050F1EA /* Resources */ = {
			isa = PBXResourcesBuildPhase;
			buildActionMask = 2147483647;
			files = (
				4EBA27F124B7241E0050F1EA /* LaunchScreen.storyboard in Resources */,
				4EBA27EE24B7241E0050F1EA /* Preview Assets.xcassets in Resources */,
				4EBA27EB24B7241E0050F1EA /* Assets.xcassets in Resources */,
			);
			runOnlyForDeploymentPostprocessing = 0;
		};
/* End PBXResourcesBuildPhase section */

/* Begin PBXSourcesBuildPhase section */
		4EBA27DA24B7241C0050F1EA /* Sources */ = {
			isa = PBXSourcesBuildPhase;
			buildActionMask = 2147483647;
			files = (
				4EBA27E224B7241C0050F1EA /* AppDelegate.swift in Sources */,
				4EBA27E424B7241C0050F1EA /* SceneDelegate.swift in Sources */,
				4EBA27E924B7241C0050F1EA /* ContentView.swift in Sources */,
				4EBA280824B72C0B0050F1EA /* Movie+CoreDataClass.swift in Sources */,
				4EBA280924B72C0B0050F1EA /* Movie+CoreDataProperties.swift in Sources */,
				4EBA27E724B7241C0050F1EA /* Project12___CoreData.xcdatamodeld in Sources */,
			);
			runOnlyForDeploymentPostprocessing = 0;
		};
/* End PBXSourcesBuildPhase section */

/* Begin PBXVariantGroup section */
		4EBA27EF24B7241E0050F1EA /* LaunchScreen.storyboard */ = {
			isa = PBXVariantGroup;
			children = (
				4EBA27F024B7241E0050F1EA /* Base */,
			);
			name = LaunchScreen.storyboard;
			sourceTree = "<group>";
		};
/* End PBXVariantGroup section */

/* Begin XCBuildConfiguration section */
		4EBA27F324B7241E0050F1EA /* Debug */ = {
			isa = XCBuildConfiguration;
			buildSettings = {
				ALWAYS_SEARCH_USER_PATHS = NO;
				CLANG_ANALYZER_NONNULL = YES;
				CLANG_ANALYZER_NUMBER_OBJECT_CONVERSION = YES_AGGRESSIVE;
				CLANG_CXX_LANGUAGE_STANDARD = "gnu++14";
				CLANG_CXX_LIBRARY = "libc++";
				CLANG_ENABLE_MODULES = YES;
				CLANG_ENABLE_OBJC_ARC = YES;
				CLANG_ENABLE_OBJC_WEAK = YES;
				CLANG_WARN_BLOCK_CAPTURE_AUTORELEASING = YES;
				CLANG_WARN_BOOL_CONVERSION = YES;
				CLANG_WARN_COMMA = YES;
				CLANG_WARN_CONSTANT_CONVERSION = YES;
				CLANG_WARN_DEPRECATED_OBJC_IMPLEMENTATIONS = YES;
				CLANG_WARN_DIRECT_OBJC_ISA_USAGE = YES_ERROR;
				CLANG_WARN_DOCUMENTATION_COMMENTS = YES;
				CLANG_WARN_EMPTY_BODY = YES;
				CLANG_WARN_ENUM_CONVERSION = YES;
				CLANG_WARN_INFINITE_RECURSION = YES;
				CLANG_WARN_INT_CONVERSION = YES;
				CLANG_WARN_NON_LITERAL_NULL_CONVERSION = YES;
				CLANG_WARN_OBJC_IMPLICIT_RETAIN_SELF = YES;
				CLANG_WARN_OBJC_LITERAL_CONVERSION = YES;
				CLANG_WARN_OBJC_ROOT_CLASS = YES_ERROR;
				CLANG_WARN_RANGE_LOOP_ANALYSIS = YES;
				CLANG_WARN_STRICT_PROTOTYPES = YES;
				CLANG_WARN_SUSPICIOUS_MOVE = YES;
				CLANG_WARN_UNGUARDED_AVAILABILITY = YES_AGGRESSIVE;
				CLANG_WARN_UNREACHABLE_CODE = YES;
				CLANG_WARN__DUPLICATE_METHOD_MATCH = YES;
				COPY_PHASE_STRIP = NO;
				DEBUG_INFORMATION_FORMAT = dwarf;
				ENABLE_STRICT_OBJC_MSGSEND = YES;
				ENABLE_TESTABILITY = YES;
				GCC_C_LANGUAGE_STANDARD = gnu11;
				GCC_DYNAMIC_NO_PIC = NO;
				GCC_NO_COMMON_BLOCKS = YES;
				GCC_OPTIMIZATION_LEVEL = 0;
				GCC_PREPROCESSOR_DEFINITIONS = (
					"DEBUG=1",
					"$(inherited)",
				);
				GCC_WARN_64_TO_32_BIT_CONVERSION = YES;
				GCC_WARN_ABOUT_RETURN_TYPE = YES_ERROR;
				GCC_WARN_UNDECLARED_SELECTOR = YES;
				GCC_WARN_UNINITIALIZED_AUTOS = YES_AGGRESSIVE;
				GCC_WARN_UNUSED_FUNCTION = YES;
				GCC_WARN_UNUSED_VARIABLE = YES;
				IPHONEOS_DEPLOYMENT_TARGET = 13.5;
				MTL_ENABLE_DEBUG_INFO = INCLUDE_SOURCE;
				MTL_FAST_MATH = YES;
				ONLY_ACTIVE_ARCH = YES;
				SDKROOT = iphoneos;
				SWIFT_ACTIVE_COMPILATION_CONDITIONS = DEBUG;
				SWIFT_OPTIMIZATION_LEVEL = "-Onone";
			};
			name = Debug;
		};
		4EBA27F424B7241E0050F1EA /* Release */ = {
			isa = XCBuildConfiguration;
			buildSettings = {
				ALWAYS_SEARCH_USER_PATHS = NO;
				CLANG_ANALYZER_NONNULL = YES;
				CLANG_ANALYZER_NUMBER_OBJECT_CONVERSION = YES_AGGRESSIVE;
				CLANG_CXX_LANGUAGE_STANDARD = "gnu++14";
				CLANG_CXX_LIBRARY = "libc++";
				CLANG_ENABLE_MODULES = YES;
				CLANG_ENABLE_OBJC_ARC = YES;
				CLANG_ENABLE_OBJC_WEAK = YES;
				CLANG_WARN_BLOCK_CAPTURE_AUTORELEASING = YES;
				CLANG_WARN_BOOL_CONVERSION = YES;
				CLANG_WARN_COMMA = YES;
				CLANG_WARN_CONSTANT_CONVERSION = YES;
				CLANG_WARN_DEPRECATED_OBJC_IMPLEMENTATIONS = YES;
				CLANG_WARN_DIRECT_OBJC_ISA_USAGE = YES_ERROR;
				CLANG_WARN_DOCUMENTATION_COMMENTS = YES;
				CLANG_WARN_EMPTY_BODY = YES;
				CLANG_WARN_ENUM_CONVERSION = YES;
				CLANG_WARN_INFINITE_RECURSION = YES;
				CLANG_WARN_INT_CONVERSION = YES;
				CLANG_WARN_NON_LITERAL_NULL_CONVERSION = YES;
				CLANG_WARN_OBJC_IMPLICIT_RETAIN_SELF = YES;
				CLANG_WARN_OBJC_LITERAL_CONVERSION = YES;
				CLANG_WARN_OBJC_ROOT_CLASS = YES_ERROR;
				CLANG_WARN_RANGE_LOOP_ANALYSIS = YES;
				CLANG_WARN_STRICT_PROTOTYPES = YES;
				CLANG_WARN_SUSPICIOUS_MOVE = YES;
				CLANG_WARN_UNGUARDED_AVAILABILITY = YES_AGGRESSIVE;
				CLANG_WARN_UNREACHABLE_CODE = YES;
				CLANG_WARN__DUPLICATE_METHOD_MATCH = YES;
				COPY_PHASE_STRIP = NO;
				DEBUG_INFORMATION_FORMAT = "dwarf-with-dsym";
				ENABLE_NS_ASSERTIONS = NO;
				ENABLE_STRICT_OBJC_MSGSEND = YES;
				GCC_C_LANGUAGE_STANDARD = gnu11;
				GCC_NO_COMMON_BLOCKS = YES;
				GCC_WARN_64_TO_32_BIT_CONVERSION = YES;
				GCC_WARN_ABOUT_RETURN_TYPE = YES_ERROR;
				GCC_WARN_UNDECLARED_SELECTOR = YES;
				GCC_WARN_UNINITIALIZED_AUTOS = YES_AGGRESSIVE;
				GCC_WARN_UNUSED_FUNCTION = YES;
				GCC_WARN_UNUSED_VARIABLE = YES;
				IPHONEOS_DEPLOYMENT_TARGET = 13.5;
				MTL_ENABLE_DEBUG_INFO = NO;
				MTL_FAST_MATH = YES;
				SDKROOT = iphoneos;
				SWIFT_COMPILATION_MODE = wholemodule;
				SWIFT_OPTIMIZATION_LEVEL = "-O";
				VALIDATE_PRODUCT = YES;
			};
			name = Release;
		};
		4EBA27F624B7241E0050F1EA /* Debug */ = {
			isa = XCBuildConfiguration;
			buildSettings = {
				ASSETCATALOG_COMPILER_APPICON_NAME = AppIcon;
				CODE_SIGN_STYLE = Automatic;
				DEVELOPMENT_ASSET_PATHS = "\"Project12 - CoreData/Preview Content\"";
				DEVELOPMENT_TEAM = 2UCWL5WS3X;
				ENABLE_PREVIEWS = YES;
				INFOPLIST_FILE = "Project12 - CoreData/Info.plist";
				LD_RUNPATH_SEARCH_PATHS = (
					"$(inherited)",
					"@executable_path/Frameworks",
				);
				PRODUCT_BUNDLE_IDENTIFIER = "Home.Project12---CoreData";
				PRODUCT_NAME = "$(TARGET_NAME)";
				SWIFT_VERSION = 5.0;
				TARGETED_DEVICE_FAMILY = "1,2";
			};
			name = Debug;
		};
		4EBA27F724B7241E0050F1EA /* Release */ = {
			isa = XCBuildConfiguration;
			buildSettings = {
				ASSETCATALOG_COMPILER_APPICON_NAME = AppIcon;
				CODE_SIGN_STYLE = Automatic;
				DEVELOPMENT_ASSET_PATHS = "\"Project12 - CoreData/Preview Content\"";
				DEVELOPMENT_TEAM = 2UCWL5WS3X;
				ENABLE_PREVIEWS = YES;
				INFOPLIST_FILE = "Project12 - CoreData/Info.plist";
				LD_RUNPATH_SEARCH_PATHS = (
					"$(inherited)",
					"@executable_path/Frameworks",
				);
				PRODUCT_BUNDLE_IDENTIFIER = "Home.Project12---CoreData";
				PRODUCT_NAME = "$(TARGET_NAME)";
				SWIFT_VERSION = 5.0;
				TARGETED_DEVICE_FAMILY = "1,2";
			};
			name = Release;
		};
/* End XCBuildConfiguration section */

/* Begin XCConfigurationList section */
		4EBA27D924B7241C0050F1EA /* Build configuration list for PBXProject "Project12 - CoreData" */ = {
			isa = XCConfigurationList;
			buildConfigurations = (
				4EBA27F324B7241E0050F1EA /* Debug */,
				4EBA27F424B7241E0050F1EA /* Release */,
			);
			defaultConfigurationIsVisible = 0;
			defaultConfigurationName = Release;
		};
		4EBA27F524B7241E0050F1EA /* Build configuration list for PBXNativeTarget "Project12 - CoreData" */ = {
			isa = XCConfigurationList;
			buildConfigurations = (
				4EBA27F624B7241E0050F1EA /* Debug */,
				4EBA27F724B7241E0050F1EA /* Release */,
			);
			defaultConfigurationIsVisible = 0;
			defaultConfigurationName = Release;
		};
/* End XCConfigurationList section */

/* Begin XCVersionGroup section */
		4EBA27E524B7241C0050F1EA /* Project12___CoreData.xcdatamodeld */ = {
			isa = XCVersionGroup;
			children = (
				4EBA27E624B7241C0050F1EA /* Project12___CoreData.xcdatamodel */,
			);
			currentVersion = 4EBA27E624B7241C0050F1EA /* Project12___CoreData.xcdatamodel */;
			path = "Project12___CoreData.xcdatamodeld";
			sourceTree = "<group>";
			versionGroupType = wrapper.xcdatamodel;
		};
/* End XCVersionGroup section */
	};
	rootObject = 4EBA27D624B7241C0050F1EA /* Project object */;
}
