// !$*UTF8*$!
{
	archiveVersion = 1;
	classes = {
	};
	objectVersion = 50;
	objects = {

/* Begin PBXBuildFile section */
		4E8F03C524EACB840072C875 /* NamingView.swift in Sources */ = {isa = PBXBuildFile; fileRef = 4E8F03C424EACB840072C875 /* NamingView.swift */; };
		4E8F03C724EB1F520072C875 /* LocationFetcher.swift in Sources */ = {isa = PBXBuildFile; fileRef = 4E8F03C624EB1F520072C875 /* LocationFetcher.swift */; };
		4E96BE5824E44ED5004F7255 /* AppDelegate.swift in Sources */ = {isa = PBXBuildFile; fileRef = 4E96BE5724E44ED5004F7255 /* AppDelegate.swift */; };
		4E96BE5A24E44ED5004F7255 /* SceneDelegate.swift in Sources */ = {isa = PBXBuildFile; fileRef = 4E96BE5924E44ED5004F7255 /* SceneDelegate.swift */; };
		4E96BE5C24E44ED5004F7255 /* ContentView.swift in Sources */ = {isa = PBXBuildFile; fileRef = 4E96BE5B24E44ED5004F7255 /* ContentView.swift */; };
		4E96BE5E24E44EDC004F7255 /* Assets.xcassets in Resources */ = {isa = PBXBuildFile; fileRef = 4E96BE5D24E44EDC004F7255 /* Assets.xcassets */; };
		4E96BE6124E44EDC004F7255 /* Preview Assets.xcassets in Resources */ = {isa = PBXBuildFile; fileRef = 4E96BE6024E44EDC004F7255 /* Preview Assets.xcassets */; };
		4E96BE6424E44EDC004F7255 /* LaunchScreen.storyboard in Resources */ = {isa = PBXBuildFile; fileRef = 4E96BE6224E44EDC004F7255 /* LaunchScreen.storyboard */; };
		4E96BE6C24E464B4004F7255 /* PhotoDescription.swift in Sources */ = {isa = PBXBuildFile; fileRef = 4E96BE6B24E464B4004F7255 /* PhotoDescription.swift */; };
		4E96BE6E24E467AC004F7255 /* ImagePicker.swift in Sources */ = {isa = PBXBuildFile; fileRef = 4E96BE6D24E467AB004F7255 /* ImagePicker.swift */; };
		4E96BE7024E46BE5004F7255 /* FileImageManager.swift in Sources */ = {isa = PBXBuildFile; fileRef = 4E96BE6F24E46BE5004F7255 /* FileImageManager.swift */; };
		4E97265824EC0A9A0007328D /* MapView.swift in Sources */ = {isa = PBXBuildFile; fileRef = 4E97265724EC0A9A0007328D /* MapView.swift */; };
/* End PBXBuildFile section */

/* Begin PBXFileReference section */
		4E8F03C424EACB840072C875 /* NamingView.swift */ = {isa = PBXFileReference; lastKnownFileType = sourcecode.swift; path = NamingView.swift; sourceTree = "<group>"; };
		4E8F03C624EB1F520072C875 /* LocationFetcher.swift */ = {isa = PBXFileReference; lastKnownFileType = sourcecode.swift; path = LocationFetcher.swift; sourceTree = "<group>"; };
		4E96BE5424E44ED5004F7255 /* Day77 - Challenge (Naming Photo).app */ = {isa = PBXFileReference; explicitFileType = wrapper.application; includeInIndex = 0; path = "Day77 - Challenge (Naming Photo).app"; sourceTree = BUILT_PRODUCTS_DIR; };
		4E96BE5724E44ED5004F7255 /* AppDelegate.swift */ = {isa = PBXFileReference; lastKnownFileType = sourcecode.swift; path = AppDelegate.swift; sourceTree = "<group>"; };
		4E96BE5924E44ED5004F7255 /* SceneDelegate.swift */ = {isa = PBXFileReference; lastKnownFileType = sourcecode.swift; path = SceneDelegate.swift; sourceTree = "<group>"; };
		4E96BE5B24E44ED5004F7255 /* ContentView.swift */ = {isa = PBXFileReference; lastKnownFileType = sourcecode.swift; path = ContentView.swift; sourceTree = "<group>"; };
		4E96BE5D24E44EDC004F7255 /* Assets.xcassets */ = {isa = PBXFileReference; lastKnownFileType = folder.assetcatalog; path = Assets.xcassets; sourceTree = "<group>"; };
		4E96BE6024E44EDC004F7255 /* Preview Assets.xcassets */ = {isa = PBXFileReference; lastKnownFileType = folder.assetcatalog; path = "Preview Assets.xcassets"; sourceTree = "<group>"; };
		4E96BE6324E44EDC004F7255 /* Base */ = {isa = PBXFileReference; lastKnownFileType = file.storyboard; name = Base; path = Base.lproj/LaunchScreen.storyboard; sourceTree = "<group>"; };
		4E96BE6524E44EDC004F7255 /* Info.plist */ = {isa = PBXFileReference; lastKnownFileType = text.plist.xml; path = Info.plist; sourceTree = "<group>"; };
		4E96BE6B24E464B4004F7255 /* PhotoDescription.swift */ = {isa = PBXFileReference; lastKnownFileType = sourcecode.swift; path = PhotoDescription.swift; sourceTree = "<group>"; };
		4E96BE6D24E467AB004F7255 /* ImagePicker.swift */ = {isa = PBXFileReference; lastKnownFileType = sourcecode.swift; path = ImagePicker.swift; sourceTree = "<group>"; };
		4E96BE6F24E46BE5004F7255 /* FileImageManager.swift */ = {isa = PBXFileReference; lastKnownFileType = sourcecode.swift; path = FileImageManager.swift; sourceTree = "<group>"; };
		4E97265724EC0A9A0007328D /* MapView.swift */ = {isa = PBXFileReference; lastKnownFileType = sourcecode.swift; path = MapView.swift; sourceTree = "<group>"; };
/* End PBXFileReference section */

/* Begin PBXFrameworksBuildPhase section */
		4E96BE5124E44ED5004F7255 /* Frameworks */ = {
			isa = PBXFrameworksBuildPhase;
			buildActionMask = 2147483647;
			files = (
			);
			runOnlyForDeploymentPostprocessing = 0;
		};
/* End PBXFrameworksBuildPhase section */

/* Begin PBXGroup section */
		4E96BE4B24E44ED5004F7255 = {
			isa = PBXGroup;
			children = (
				4E96BE5624E44ED5004F7255 /* Day77 - Challenge (Naming Photo) */,
				4E96BE5524E44ED5004F7255 /* Products */,
			);
			sourceTree = "<group>";
		};
		4E96BE5524E44ED5004F7255 /* Products */ = {
			isa = PBXGroup;
			children = (
				4E96BE5424E44ED5004F7255 /* Day77 - Challenge (Naming Photo).app */,
			);
			name = Products;
			sourceTree = "<group>";
		};
		4E96BE5624E44ED5004F7255 /* Day77 - Challenge (Naming Photo) */ = {
			isa = PBXGroup;
			children = (
				4E96BE5724E44ED5004F7255 /* AppDelegate.swift */,
				4E96BE5924E44ED5004F7255 /* SceneDelegate.swift */,
				4E96BE5B24E44ED5004F7255 /* ContentView.swift */,
				4E97265724EC0A9A0007328D /* MapView.swift */,
				4E8F03C424EACB840072C875 /* NamingView.swift */,
				4E96BE6D24E467AB004F7255 /* ImagePicker.swift */,
				4E96BE6F24E46BE5004F7255 /* FileImageManager.swift */,
				4E96BE6B24E464B4004F7255 /* PhotoDescription.swift */,
				4E8F03C624EB1F520072C875 /* LocationFetcher.swift */,
				4E96BE5D24E44EDC004F7255 /* Assets.xcassets */,
				4E96BE6224E44EDC004F7255 /* LaunchScreen.storyboard */,
				4E96BE6524E44EDC004F7255 /* Info.plist */,
				4E96BE5F24E44EDC004F7255 /* Preview Content */,
			);
			path = "Day77 - Challenge (Naming Photo)";
			sourceTree = "<group>";
		};
		4E96BE5F24E44EDC004F7255 /* Preview Content */ = {
			isa = PBXGroup;
			children = (
				4E96BE6024E44EDC004F7255 /* Preview Assets.xcassets */,
			);
			path = "Preview Content";
			sourceTree = "<group>";
		};
/* End PBXGroup section */

/* Begin PBXNativeTarget section */
		4E96BE5324E44ED5004F7255 /* Day77 - Challenge (Naming Photo) */ = {
			isa = PBXNativeTarget;
			buildConfigurationList = 4E96BE6824E44EDC004F7255 /* Build configuration list for PBXNativeTarget "Day77 - Challenge (Naming Photo)" */;
			buildPhases = (
				4E96BE5024E44ED5004F7255 /* Sources */,
				4E96BE5124E44ED5004F7255 /* Frameworks */,
				4E96BE5224E44ED5004F7255 /* Resources */,
			);
			buildRules = (
			);
			dependencies = (
			);
			name = "Day77 - Challenge (Naming Photo)";
			productName = "Day77 - Challenge (Naming Photo)";
			productReference = 4E96BE5424E44ED5004F7255 /* Day77 - Challenge (Naming Photo).app */;
			productType = "com.apple.product-type.application";
		};
/* End PBXNativeTarget section */

/* Begin PBXProject section */
		4E96BE4C24E44ED5004F7255 /* Project object */ = {
			isa = PBXProject;
			attributes = {
				LastSwiftUpdateCheck = 1160;
				LastUpgradeCheck = 1160;
				ORGANIZATIONNAME = "Дмитрий";
				TargetAttributes = {
					4E96BE5324E44ED5004F7255 = {
						CreatedOnToolsVersion = 11.6;
					};
				};
			};
			buildConfigurationList = 4E96BE4F24E44ED5004F7255 /* Build configuration list for PBXProject "Day77 - Challenge (Naming Photo)" */;
			compatibilityVersion = "Xcode 9.3";
			developmentRegion = en;
			hasScannedForEncodings = 0;
			knownRegions = (
				en,
				Base,
			);
			mainGroup = 4E96BE4B24E44ED5004F7255;
			productRefGroup = 4E96BE5524E44ED5004F7255 /* Products */;
			projectDirPath = "";
			projectRoot = "";
			targets = (
				4E96BE5324E44ED5004F7255 /* Day77 - Challenge (Naming Photo) */,
			);
		};
/* End PBXProject section */

/* Begin PBXResourcesBuildPhase section */
		4E96BE5224E44ED5004F7255 /* Resources */ = {
			isa = PBXResourcesBuildPhase;
			buildActionMask = 2147483647;
			files = (
				4E96BE6424E44EDC004F7255 /* LaunchScreen.storyboard in Resources */,
				4E96BE6124E44EDC004F7255 /* Preview Assets.xcassets in Resources */,
				4E96BE5E24E44EDC004F7255 /* Assets.xcassets in Resources */,
			);
			runOnlyForDeploymentPostprocessing = 0;
		};
/* End PBXResourcesBuildPhase section */

/* Begin PBXSourcesBuildPhase section */
		4E96BE5024E44ED5004F7255 /* Sources */ = {
			isa = PBXSourcesBuildPhase;
			buildActionMask = 2147483647;
			files = (
				4E96BE5824E44ED5004F7255 /* AppDelegate.swift in Sources */,
				4E96BE7024E46BE5004F7255 /* FileImageManager.swift in Sources */,
				4E8F03C724EB1F520072C875 /* LocationFetcher.swift in Sources */,
				4E8F03C524EACB840072C875 /* NamingView.swift in Sources */,
				4E96BE5A24E44ED5004F7255 /* SceneDelegate.swift in Sources */,
				4E96BE6E24E467AC004F7255 /* ImagePicker.swift in Sources */,
				4E96BE5C24E44ED5004F7255 /* ContentView.swift in Sources */,
				4E97265824EC0A9A0007328D /* MapView.swift in Sources */,
				4E96BE6C24E464B4004F7255 /* PhotoDescription.swift in Sources */,
			);
			runOnlyForDeploymentPostprocessing = 0;
		};
/* End PBXSourcesBuildPhase section */

/* Begin PBXVariantGroup section */
		4E96BE6224E44EDC004F7255 /* LaunchScreen.storyboard */ = {
			isa = PBXVariantGroup;
			children = (
				4E96BE6324E44EDC004F7255 /* Base */,
			);
			name = LaunchScreen.storyboard;
			sourceTree = "<group>";
		};
/* End PBXVariantGroup section */

/* Begin XCBuildConfiguration section */
		4E96BE6624E44EDC004F7255 /* Debug */ = {
			isa = XCBuildConfiguration;
			buildSettings = {
				ALWAYS_SEARCH_USER_PATHS = NO;
				CLANG_ANALYZER_NONNULL = YES;
				CLANG_ANALYZER_NUMBER_OBJECT_CONVERSION = YES_AGGRESSIVE;
				CLANG_CXX_LANGUAGE_STANDARD = "gnu++14";
				CLANG_CXX_LIBRARY = "libc++";
				CLANG_ENABLE_MODULES = YES;
				CLANG_ENABLE_OBJC_ARC = YES;
				CLANG_ENABLE_OBJC_WEAK = YES;
				CLANG_WARN_BLOCK_CAPTURE_AUTORELEASING = YES;
				CLANG_WARN_BOOL_CONVERSION = YES;
				CLANG_WARN_COMMA = YES;
				CLANG_WARN_CONSTANT_CONVERSION = YES;
				CLANG_WARN_DEPRECATED_OBJC_IMPLEMENTATIONS = YES;
				CLANG_WARN_DIRECT_OBJC_ISA_USAGE = YES_ERROR;
				CLANG_WARN_DOCUMENTATION_COMMENTS = YES;
				CLANG_WARN_EMPTY_BODY = YES;
				CLANG_WARN_ENUM_CONVERSION = YES;
				CLANG_WARN_INFINITE_RECURSION = YES;
				CLANG_WARN_INT_CONVERSION = YES;
				CLANG_WARN_NON_LITERAL_NULL_CONVERSION = YES;
				CLANG_WARN_OBJC_IMPLICIT_RETAIN_SELF = YES;
				CLANG_WARN_OBJC_LITERAL_CONVERSION = YES;
				CLANG_WARN_OBJC_ROOT_CLASS = YES_ERROR;
				CLANG_WARN_RANGE_LOOP_ANALYSIS = YES;
				CLANG_WARN_STRICT_PROTOTYPES = YES;
				CLANG_WARN_SUSPICIOUS_MOVE = YES;
				CLANG_WARN_UNGUARDED_AVAILABILITY = YES_AGGRESSIVE;
				CLANG_WARN_UNREACHABLE_CODE = YES;
				CLANG_WARN__DUPLICATE_METHOD_MATCH = YES;
				COPY_PHASE_STRIP = NO;
				DEBUG_INFORMATION_FORMAT = dwarf;
				ENABLE_STRICT_OBJC_MSGSEND = YES;
				ENABLE_TESTABILITY = YES;
				GCC_C_LANGUAGE_STANDARD = gnu11;
				GCC_DYNAMIC_NO_PIC = NO;
				GCC_NO_COMMON_BLOCKS = YES;
				GCC_OPTIMIZATION_LEVEL = 0;
				GCC_PREPROCESSOR_DEFINITIONS = (
					"DEBUG=1",
					"$(inherited)",
				);
				GCC_WARN_64_TO_32_BIT_CONVERSION = YES;
				GCC_WARN_ABOUT_RETURN_TYPE = YES_ERROR;
				GCC_WARN_UNDECLARED_SELECTOR = YES;
				GCC_WARN_UNINITIALIZED_AUTOS = YES_AGGRESSIVE;
				GCC_WARN_UNUSED_FUNCTION = YES;
				GCC_WARN_UNUSED_VARIABLE = YES;
				IPHONEOS_DEPLOYMENT_TARGET = 13.6;
				MTL_ENABLE_DEBUG_INFO = INCLUDE_SOURCE;
				MTL_FAST_MATH = YES;
				ONLY_ACTIVE_ARCH = YES;
				SDKROOT = iphoneos;
				SWIFT_ACTIVE_COMPILATION_CONDITIONS = DEBUG;
				SWIFT_OPTIMIZATION_LEVEL = "-Onone";
			};
			name = Debug;
		};
		4E96BE6724E44EDC004F7255 /* Release */ = {
			isa = XCBuildConfiguration;
			buildSettings = {
				ALWAYS_SEARCH_USER_PATHS = NO;
				CLANG_ANALYZER_NONNULL = YES;
				CLANG_ANALYZER_NUMBER_OBJECT_CONVERSION = YES_AGGRESSIVE;
				CLANG_CXX_LANGUAGE_STANDARD = "gnu++14";
				CLANG_CXX_LIBRARY = "libc++";
				CLANG_ENABLE_MODULES = YES;
				CLANG_ENABLE_OBJC_ARC = YES;
				CLANG_ENABLE_OBJC_WEAK = YES;
				CLANG_WARN_BLOCK_CAPTURE_AUTORELEASING = YES;
				CLANG_WARN_BOOL_CONVERSION = YES;
				CLANG_WARN_COMMA = YES;
				CLANG_WARN_CONSTANT_CONVERSION = YES;
				CLANG_WARN_DEPRECATED_OBJC_IMPLEMENTATIONS = YES;
				CLANG_WARN_DIRECT_OBJC_ISA_USAGE = YES_ERROR;
				CLANG_WARN_DOCUMENTATION_COMMENTS = YES;
				CLANG_WARN_EMPTY_BODY = YES;
				CLANG_WARN_ENUM_CONVERSION = YES;
				CLANG_WARN_INFINITE_RECURSION = YES;
				CLANG_WARN_INT_CONVERSION = YES;
				CLANG_WARN_NON_LITERAL_NULL_CONVERSION = YES;
				CLANG_WARN_OBJC_IMPLICIT_RETAIN_SELF = YES;
				CLANG_WARN_OBJC_LITERAL_CONVERSION = YES;
				CLANG_WARN_OBJC_ROOT_CLASS = YES_ERROR;
				CLANG_WARN_RANGE_LOOP_ANALYSIS = YES;
				CLANG_WARN_STRICT_PROTOTYPES = YES;
				CLANG_WARN_SUSPICIOUS_MOVE = YES;
				CLANG_WARN_UNGUARDED_AVAILABILITY = YES_AGGRESSIVE;
				CLANG_WARN_UNREACHABLE_CODE = YES;
				CLANG_WARN__DUPLICATE_METHOD_MATCH = YES;
				COPY_PHASE_STRIP = NO;
				DEBUG_INFORMATION_FORMAT = "dwarf-with-dsym";
				ENABLE_NS_ASSERTIONS = NO;
				ENABLE_STRICT_OBJC_MSGSEND = YES;
				GCC_C_LANGUAGE_STANDARD = gnu11;
				GCC_NO_COMMON_BLOCKS = YES;
				GCC_WARN_64_TO_32_BIT_CONVERSION = YES;
				GCC_WARN_ABOUT_RETURN_TYPE = YES_ERROR;
				GCC_WARN_UNDECLARED_SELECTOR = YES;
				GCC_WARN_UNINITIALIZED_AUTOS = YES_AGGRESSIVE;
				GCC_WARN_UNUSED_FUNCTION = YES;
				GCC_WARN_UNUSED_VARIABLE = YES;
				IPHONEOS_DEPLOYMENT_TARGET = 13.6;
				MTL_ENABLE_DEBUG_INFO = NO;
				MTL_FAST_MATH = YES;
				SDKROOT = iphoneos;
				SWIFT_COMPILATION_MODE = wholemodule;
				SWIFT_OPTIMIZATION_LEVEL = "-O";
				VALIDATE_PRODUCT = YES;
			};
			name = Release;
		};
		4E96BE6924E44EDC004F7255 /* Debug */ = {
			isa = XCBuildConfiguration;
			buildSettings = {
				ASSETCATALOG_COMPILER_APPICON_NAME = AppIcon;
				CODE_SIGN_STYLE = Automatic;
				DEVELOPMENT_ASSET_PATHS = "\"Day77 - Challenge (Naming Photo)/Preview Content\"";
				DEVELOPMENT_TEAM = 2UCWL5WS3X;
				ENABLE_PREVIEWS = YES;
				INFOPLIST_FILE = "Day77 - Challenge (Naming Photo)/Info.plist";
				LD_RUNPATH_SEARCH_PATHS = (
					"$(inherited)",
					"@executable_path/Frameworks",
				);
				PRODUCT_BUNDLE_IDENTIFIER = "Home.Day77---Challenge--Naming-Photo-";
				PRODUCT_NAME = "$(TARGET_NAME)";
				SWIFT_VERSION = 5.0;
				TARGETED_DEVICE_FAMILY = "1,2";
			};
			name = Debug;
		};
		4E96BE6A24E44EDC004F7255 /* Release */ = {
			isa = XCBuildConfiguration;
			buildSettings = {
				ASSETCATALOG_COMPILER_APPICON_NAME = AppIcon;
				CODE_SIGN_STYLE = Automatic;
				DEVELOPMENT_ASSET_PATHS = "\"Day77 - Challenge (Naming Photo)/Preview Content\"";
				DEVELOPMENT_TEAM = 2UCWL5WS3X;
				ENABLE_PREVIEWS = YES;
				INFOPLIST_FILE = "Day77 - Challenge (Naming Photo)/Info.plist";
				LD_RUNPATH_SEARCH_PATHS = (
					"$(inherited)",
					"@executable_path/Frameworks",
				);
				PRODUCT_BUNDLE_IDENTIFIER = "Home.Day77---Challenge--Naming-Photo-";
				PRODUCT_NAME = "$(TARGET_NAME)";
				SWIFT_VERSION = 5.0;
				TARGETED_DEVICE_FAMILY = "1,2";
			};
			name = Release;
		};
/* End XCBuildConfiguration section */

/* Begin XCConfigurationList section */
		4E96BE4F24E44ED5004F7255 /* Build configuration list for PBXProject "Day77 - Challenge (Naming Photo)" */ = {
			isa = XCConfigurationList;
			buildConfigurations = (
				4E96BE6624E44EDC004F7255 /* Debug */,
				4E96BE6724E44EDC004F7255 /* Release */,
			);
			defaultConfigurationIsVisible = 0;
			defaultConfigurationName = Release;
		};
		4E96BE6824E44EDC004F7255 /* Build configuration list for PBXNativeTarget "Day77 - Challenge (Naming Photo)" */ = {
			isa = XCConfigurationList;
			buildConfigurations = (
				4E96BE6924E44EDC004F7255 /* Debug */,
				4E96BE6A24E44EDC004F7255 /* Release */,
			);
			defaultConfigurationIsVisible = 0;
			defaultConfigurationName = Release;
		};
/* End XCConfigurationList section */
	};
	rootObject = 4E96BE4C24E44ED5004F7255 /* Project object */;
}
